
Microsoft Visual Studio Solution File, Format Version 12.00
# Visual Studio Version 17
VisualStudioVersion = 17.9.34622.214
MinimumVisualStudioVersion = 10.0.40219.1
Project("{FAE04EC0-301F-11D3-BF4B-00C04F79EFBC}") = "examen_practico_ra2_WilmerOPp", "examen_practico_ra2_WilmerOPp\examen_practico_ra2_WilmerOPp.csproj", "{01B9D932-A7FC-4863-9B9D-D78AF4742747}"
EndProject
Global
	GlobalSection(SolutionConfigurationPlatforms) = preSolution
		Debug|Any CPU = Debug|Any CPU
		Release|Any CPU = Release|Any CPU
	EndGlobalSection
	GlobalSection(ProjectConfigurationPlatforms) = postSolution
		{01B9D932-A7FC-4863-9B9D-D78AF4742747}.Debug|Any CPU.ActiveCfg = Debug|Any CPU
		{01B9D932-A7FC-4863-9B9D-D78AF4742747}.Debug|Any CPU.Build.0 = Debug|Any CPU
		{01B9D932-A7FC-4863-9B9D-D78AF4742747}.Release|Any CPU.ActiveCfg = Release|Any CPU
		{01B9D932-A7FC-4863-9B9D-D78AF4742747}.Release|Any CPU.Build.0 = Release|Any CPU
	EndGlobalSection
	GlobalSection(SolutionProperties) = preSolution
		HideSolutionNode = FALSE
	EndGlobalSection
	GlobalSection(ExtensibilityGlobals) = postSolution
		SolutionGuid = {0FBC6080-430F-457A-9F6B-D68AB4051B2A}
	EndGlobalSection
EndGlobal
